
Microsoft Visual Studio Solution File, Format Version 12.00
# Visual Studio Version 17
VisualStudioVersion = 17.0.31903.59
MinimumVisualStudioVersion = 10.0.40219.1
Project("{FAE04EC0-301F-11D3-BF4B-00C04F79EFBC}") = "API", "API\API.csproj", "{17ACDAFF-D060-4BDD-8FA0-09D48E20EC18}"
EndProject
Project("{FAE04EC0-301F-11D3-BF4B-00C04F79EFBC}") = "Application", "Application\Application.csproj", "{8BDD80AB-903A-4086-BC0E-C4E94B0540CB}"
EndProject
Project("{FAE04EC0-301F-11D3-BF4B-00C04F79EFBC}") = "Domain", "Domain\Domain.csproj", "{769B2DE3-2E9E-4A4A-A8FF-60516EC96503}"
EndProject
Project("{FAE04EC0-301F-11D3-BF4B-00C04F79EFBC}") = "Persistence", "Persistence\Persistence.csproj", "{D9CEC4D1-BDC8-462E-8214-72BB4F70A9A8}"
EndProject
Global
	GlobalSection(SolutionConfigurationPlatforms) = preSolution
		Debug|Any CPU = Debug|Any CPU
		Release|Any CPU = Release|Any CPU
	EndGlobalSection
	GlobalSection(SolutionProperties) = preSolution
		HideSolutionNode = FALSE
	EndGlobalSection
	GlobalSection(ProjectConfigurationPlatforms) = postSolution
		{17ACDAFF-D060-4BDD-8FA0-09D48E20EC18}.Debug|Any CPU.ActiveCfg = Debug|Any CPU
		{17ACDAFF-D060-4BDD-8FA0-09D48E20EC18}.Debug|Any CPU.Build.0 = Debug|Any CPU
		{17ACDAFF-D060-4BDD-8FA0-09D48E20EC18}.Release|Any CPU.ActiveCfg = Release|Any CPU
		{17ACDAFF-D060-4BDD-8FA0-09D48E20EC18}.Release|Any CPU.Build.0 = Release|Any CPU
		{8BDD80AB-903A-4086-BC0E-C4E94B0540CB}.Debug|Any CPU.ActiveCfg = Debug|Any CPU
		{8BDD80AB-903A-4086-BC0E-C4E94B0540CB}.Debug|Any CPU.Build.0 = Debug|Any CPU
		{8BDD80AB-903A-4086-BC0E-C4E94B0540CB}.Release|Any CPU.ActiveCfg = Release|Any CPU
		{8BDD80AB-903A-4086-BC0E-C4E94B0540CB}.Release|Any CPU.Build.0 = Release|Any CPU
		{769B2DE3-2E9E-4A4A-A8FF-60516EC96503}.Debug|Any CPU.ActiveCfg = Debug|Any CPU
		{769B2DE3-2E9E-4A4A-A8FF-60516EC96503}.Debug|Any CPU.Build.0 = Debug|Any CPU
		{769B2DE3-2E9E-4A4A-A8FF-60516EC96503}.Release|Any CPU.ActiveCfg = Release|Any CPU
		{769B2DE3-2E9E-4A4A-A8FF-60516EC96503}.Release|Any CPU.Build.0 = Release|Any CPU
		{D9CEC4D1-BDC8-462E-8214-72BB4F70A9A8}.Debug|Any CPU.ActiveCfg = Debug|Any CPU
		{D9CEC4D1-BDC8-462E-8214-72BB4F70A9A8}.Debug|Any CPU.Build.0 = Debug|Any CPU
		{D9CEC4D1-BDC8-462E-8214-72BB4F70A9A8}.Release|Any CPU.ActiveCfg = Release|Any CPU
		{D9CEC4D1-BDC8-462E-8214-72BB4F70A9A8}.Release|Any CPU.Build.0 = Release|Any CPU
	EndGlobalSection
EndGlobal
